// !$*UTF8*$!
{
	archiveVersion = 1;
	classes = {
	};
	objectVersion = 50;
	objects = {

/* Begin PBXBuildFile section */
		44C8DFE22448C7B70021AEDC /* AppDelegate.m in Sources */ = {isa = PBXBuildFile; fileRef = 44C8DFE12448C7B70021AEDC /* AppDelegate.m */; };
		44C8DFE52448C7B70021AEDC /* SceneDelegate.m in Sources */ = {isa = PBXBuildFile; fileRef = 44C8DFE42448C7B70021AEDC /* SceneDelegate.m */; };
		44C8DFE82448C7B70021AEDC /* ViewController.m in Sources */ = {isa = PBXBuildFile; fileRef = 44C8DFE72448C7B70021AEDC /* ViewController.m */; };
		44C8DFEB2448C7B80021AEDC /* Main.storyboard in Resources */ = {isa = PBXBuildFile; fileRef = 44C8DFE92448C7B80021AEDC /* Main.storyboard */; };
		44C8DFED2448C7BB0021AEDC /* Assets.xcassets in Resources */ = {isa = PBXBuildFile; fileRef = 44C8DFEC2448C7BB0021AEDC /* Assets.xcassets */; };
		44C8DFF02448C7BB0021AEDC /* LaunchScreen.storyboard in Resources */ = {isa = PBXBuildFile; fileRef = 44C8DFEE2448C7BB0021AEDC /* LaunchScreen.storyboard */; };
		44C8DFF32448C7BB0021AEDC /* main.m in Sources */ = {isa = PBXBuildFile; fileRef = 44C8DFF22448C7BB0021AEDC /* main.m */; };
		44C8DFFC2449D25A0021AEDC /* IconViewController.m in Sources */ = {isa = PBXBuildFile; fileRef = 44C8DFFB2449D25A0021AEDC /* IconViewController.m */; };
/* End PBXBuildFile section */

/* Begin PBXFileReference section */
		44C8DFDD2448C7B70021AEDC /* Demo2.app */ = {isa = PBXFileReference; explicitFileType = wrapper.application; includeInIndex = 0; path = Demo2.app; sourceTree = BUILT_PRODUCTS_DIR; };
		44C8DFE02448C7B70021AEDC /* AppDelegate.h */ = {isa = PBXFileReference; lastKnownFileType = sourcecode.c.h; path = AppDelegate.h; sourceTree = "<group>"; };
		44C8DFE12448C7B70021AEDC /* AppDelegate.m */ = {isa = PBXFileReference; lastKnownFileType = sourcecode.c.objc; path = AppDelegate.m; sourceTree = "<group>"; };
		44C8DFE32448C7B70021AEDC /* SceneDelegate.h */ = {isa = PBXFileReference; lastKnownFileType = sourcecode.c.h; path = SceneDelegate.h; sourceTree = "<group>"; };
		44C8DFE42448C7B70021AEDC /* SceneDelegate.m */ = {isa = PBXFileReference; lastKnownFileType = sourcecode.c.objc; path = SceneDelegate.m; sourceTree = "<group>"; };
		44C8DFE62448C7B70021AEDC /* ViewController.h */ = {isa = PBXFileReference; lastKnownFileType = sourcecode.c.h; path = ViewController.h; sourceTree = "<group>"; };
		44C8DFE72448C7B70021AEDC /* ViewController.m */ = {isa = PBXFileReference; lastKnownFileType = sourcecode.c.objc; path = ViewController.m; sourceTree = "<group>"; };
		44C8DFEA2448C7B80021AEDC /* Base */ = {isa = PBXFileReference; lastKnownFileType = file.storyboard; name = Base; path = Base.lproj/Main.storyboard; sourceTree = "<group>"; };
		44C8DFEC2448C7BB0021AEDC /* Assets.xcassets */ = {isa = PBXFileReference; lastKnownFileType = folder.assetcatalog; path = Assets.xcassets; sourceTree = "<group>"; };
		44C8DFEF2448C7BB0021AEDC /* Base */ = {isa = PBXFileReference; lastKnownFileType = file.storyboard; name = Base; path = Base.lproj/LaunchScreen.storyboard; sourceTree = "<group>"; };
		44C8DFF12448C7BB0021AEDC /* Info.plist */ = {isa = PBXFileReference; lastKnownFileType = text.plist.xml; path = Info.plist; sourceTree = "<group>"; };
		44C8DFF22448C7BB0021AEDC /* main.m */ = {isa = PBXFileReference; lastKnownFileType = sourcecode.c.objc; path = main.m; sourceTree = "<group>"; };
		44C8DFFA2449D25A0021AEDC /* IconViewController.h */ = {isa = PBXFileReference; lastKnownFileType = sourcecode.c.h; path = IconViewController.h; sourceTree = "<group>"; };
		44C8DFFB2449D25A0021AEDC /* IconViewController.m */ = {isa = PBXFileReference; lastKnownFileType = sourcecode.c.objc; path = IconViewController.m; sourceTree = "<group>"; };
/* End PBXFileReference section */

/* Begin PBXFrameworksBuildPhase section */
		44C8DFDA2448C7B70021AEDC /* Frameworks */ = {
			isa = PBXFrameworksBuildPhase;
			buildActionMask = 2147483647;
			files = (
			);
			runOnlyForDeploymentPostprocessing = 0;
		};
/* End PBXFrameworksBuildPhase section */

/* Begin PBXGroup section */
		44C8DFD42448C7B70021AEDC = {
			isa = PBXGroup;
			children = (
				44C8DFDF2448C7B70021AEDC /* Demo2 */,
				44C8DFDE2448C7B70021AEDC /* Products */,
			);
			sourceTree = "<group>";
		};
		44C8DFDE2448C7B70021AEDC /* Products */ = {
			isa = PBXGroup;
			children = (
				44C8DFDD2448C7B70021AEDC /* Demo2.app */,
			);
			name = Products;
			sourceTree = "<group>";
		};
		44C8DFDF2448C7B70021AEDC /* Demo2 */ = {
			isa = PBXGroup;
			children = (
				44C8DFF92449D23C0021AEDC /* Demo */,
				44C8DFE02448C7B70021AEDC /* AppDelegate.h */,
				44C8DFE12448C7B70021AEDC /* AppDelegate.m */,
				44C8DFE32448C7B70021AEDC /* SceneDelegate.h */,
				44C8DFE42448C7B70021AEDC /* SceneDelegate.m */,
				44C8DFE62448C7B70021AEDC /* ViewController.h */,
				44C8DFE72448C7B70021AEDC /* ViewController.m */,
				44C8DFE92448C7B80021AEDC /* Main.storyboard */,
				44C8DFEC2448C7BB0021AEDC /* Assets.xcassets */,
				44C8DFEE2448C7BB0021AEDC /* LaunchScreen.storyboard */,
				44C8DFF12448C7BB0021AEDC /* Info.plist */,
				44C8DFF22448C7BB0021AEDC /* main.m */,
			);
			path = Demo2;
			sourceTree = "<group>";
		};
		44C8DFF92449D23C0021AEDC /* Demo */ = {
			isa = PBXGroup;
			children = (
				44C8DFFA2449D25A0021AEDC /* IconViewController.h */,
				44C8DFFB2449D25A0021AEDC /* IconViewController.m */,
			);
			path = Demo;
			sourceTree = "<group>";
		};
/* End PBXGroup section */

/* Begin PBXNativeTarget section */
		44C8DFDC2448C7B70021AEDC /* Demo2 */ = {
			isa = PBXNativeTarget;
			buildConfigurationList = 44C8DFF62448C7BB0021AEDC /* Build configuration list for PBXNativeTarget "Demo2" */;
			buildPhases = (
				44C8DFD92448C7B70021AEDC /* Sources */,
				44C8DFDA2448C7B70021AEDC /* Frameworks */,
				44C8DFDB2448C7B70021AEDC /* Resources */,
			);
			buildRules = (
			);
			dependencies = (
			);
			name = Demo2;
			productName = Demo2;
			productReference = 44C8DFDD2448C7B70021AEDC /* Demo2.app */;
			productType = "com.apple.product-type.application";
		};
/* End PBXNativeTarget section */

/* Begin PBXProject section */
		44C8DFD52448C7B70021AEDC /* Project object */ = {
			isa = PBXProject;
			attributes = {
				LastUpgradeCheck = 1140;
				ORGANIZATIONNAME = "Ruslan Filistovich";
				TargetAttributes = {
					44C8DFDC2448C7B70021AEDC = {
						CreatedOnToolsVersion = 11.4;
					};
				};
			};
			buildConfigurationList = 44C8DFD82448C7B70021AEDC /* Build configuration list for PBXProject "Demo2" */;
			compatibilityVersion = "Xcode 9.3";
			developmentRegion = en;
			hasScannedForEncodings = 0;
			knownRegions = (
				en,
				Base,
			);
			mainGroup = 44C8DFD42448C7B70021AEDC;
			productRefGroup = 44C8DFDE2448C7B70021AEDC /* Products */;
			projectDirPath = "";
			projectRoot = "";
			targets = (
				44C8DFDC2448C7B70021AEDC /* Demo2 */,
			);
		};
/* End PBXProject section */

/* Begin PBXResourcesBuildPhase section */
		44C8DFDB2448C7B70021AEDC /* Resources */ = {
			isa = PBXResourcesBuildPhase;
			buildActionMask = 2147483647;
			files = (
				44C8DFF02448C7BB0021AEDC /* LaunchScreen.storyboard in Resources */,
				44C8DFED2448C7BB0021AEDC /* Assets.xcassets in Resources */,
				44C8DFEB2448C7B80021AEDC /* Main.storyboard in Resources */,
			);
			runOnlyForDeploymentPostprocessing = 0;
		};
/* End PBXResourcesBuildPhase section */

/* Begin PBXSourcesBuildPhase section */
		44C8DFD92448C7B70021AEDC /* Sources */ = {
			isa = PBXSourcesBuildPhase;
			buildActionMask = 2147483647;
			files = (
				44C8DFE82448C7B70021AEDC /* ViewController.m in Sources */,
				44C8DFFC2449D25A0021AEDC /* IconViewController.m in Sources */,
				44C8DFE22448C7B70021AEDC /* AppDelegate.m in Sources */,
				44C8DFF32448C7BB0021AEDC /* main.m in Sources */,
				44C8DFE52448C7B70021AEDC /* SceneDelegate.m in Sources */,
			);
			runOnlyForDeploymentPostprocessing = 0;
		};
/* End PBXSourcesBuildPhase section */

/* Begin PBXVariantGroup section */
		44C8DFE92448C7B80021AEDC /* Main.storyboard */ = {
			isa = PBXVariantGroup;
			children = (
				44C8DFEA2448C7B80021AEDC /* Base */,
			);
			name = Main.storyboard;
			sourceTree = "<group>";
		};
		44C8DFEE2448C7BB0021AEDC /* LaunchScreen.storyboard */ = {
			isa = PBXVariantGroup;
			children = (
				44C8DFEF2448C7BB0021AEDC /* Base */,
			);
			name = LaunchScreen.storyboard;
			sourceTree = "<group>";
		};
/* End PBXVariantGroup section */

/* Begin XCBuildConfiguration section */
		44C8DFF42448C7BB0021AEDC /* Debug */ = {
			isa = XCBuildConfiguration;
			buildSettings = {
				ALWAYS_SEARCH_USER_PATHS = NO;
				CLANG_ANALYZER_NONNULL = YES;
				CLANG_ANALYZER_NUMBER_OBJECT_CONVERSION = YES_AGGRESSIVE;
				CLANG_CXX_LANGUAGE_STANDARD = "gnu++14";
				CLANG_CXX_LIBRARY = "libc++";
				CLANG_ENABLE_MODULES = YES;
				CLANG_ENABLE_OBJC_ARC = YES;
				CLANG_ENABLE_OBJC_WEAK = YES;
				CLANG_WARN_BLOCK_CAPTURE_AUTORELEASING = YES;
				CLANG_WARN_BOOL_CONVERSION = YES;
				CLANG_WARN_COMMA = YES;
				CLANG_WARN_CONSTANT_CONVERSION = YES;
				CLANG_WARN_DEPRECATED_OBJC_IMPLEMENTATIONS = YES;
				CLANG_WARN_DIRECT_OBJC_ISA_USAGE = YES_ERROR;
				CLANG_WARN_DOCUMENTATION_COMMENTS = YES;
				CLANG_WARN_EMPTY_BODY = YES;
				CLANG_WARN_ENUM_CONVERSION = YES;
				CLANG_WARN_INFINITE_RECURSION = YES;
				CLANG_WARN_INT_CONVERSION = YES;
				CLANG_WARN_NON_LITERAL_NULL_CONVERSION = YES;
				CLANG_WARN_OBJC_IMPLICIT_RETAIN_SELF = YES;
				CLANG_WARN_OBJC_LITERAL_CONVERSION = YES;
				CLANG_WARN_OBJC_ROOT_CLASS = YES_ERROR;
				CLANG_WARN_RANGE_LOOP_ANALYSIS = YES;
				CLANG_WARN_STRICT_PROTOTYPES = YES;
				CLANG_WARN_SUSPICIOUS_MOVE = YES;
				CLANG_WARN_UNGUARDED_AVAILABILITY = YES_AGGRESSIVE;
				CLANG_WARN_UNREACHABLE_CODE = YES;
				CLANG_WARN__DUPLICATE_METHOD_MATCH = YES;
				COPY_PHASE_STRIP = NO;
				DEBUG_INFORMATION_FORMAT = dwarf;
				ENABLE_STRICT_OBJC_MSGSEND = YES;
				ENABLE_TESTABILITY = YES;
				GCC_C_LANGUAGE_STANDARD = gnu11;
				GCC_DYNAMIC_NO_PIC = NO;
				GCC_NO_COMMON_BLOCKS = YES;
				GCC_OPTIMIZATION_LEVEL = 0;
				GCC_PREPROCESSOR_DEFINITIONS = (
					"DEBUG=1",
					"$(inherited)",
				);
				GCC_WARN_64_TO_32_BIT_CONVERSION = YES;
				GCC_WARN_ABOUT_RETURN_TYPE = YES_ERROR;
				GCC_WARN_UNDECLARED_SELECTOR = YES;
				GCC_WARN_UNINITIALIZED_AUTOS = YES_AGGRESSIVE;
				GCC_WARN_UNUSED_FUNCTION = YES;
				GCC_WARN_UNUSED_VARIABLE = YES;
				IPHONEOS_DEPLOYMENT_TARGET = 13.4;
				MTL_ENABLE_DEBUG_INFO = INCLUDE_SOURCE;
				MTL_FAST_MATH = YES;
				ONLY_ACTIVE_ARCH = YES;
				SDKROOT = iphoneos;
			};
			name = Debug;
		};
		44C8DFF52448C7BB0021AEDC /* Release */ = {
			isa = XCBuildConfiguration;
			buildSettings = {
				ALWAYS_SEARCH_USER_PATHS = NO;
				CLANG_ANALYZER_NONNULL = YES;
				CLANG_ANALYZER_NUMBER_OBJECT_CONVERSION = YES_AGGRESSIVE;
				CLANG_CXX_LANGUAGE_STANDARD = "gnu++14";
				CLANG_CXX_LIBRARY = "libc++";
				CLANG_ENABLE_MODULES = YES;
				CLANG_ENABLE_OBJC_ARC = YES;
				CLANG_ENABLE_OBJC_WEAK = YES;
				CLANG_WARN_BLOCK_CAPTURE_AUTORELEASING = YES;
				CLANG_WARN_BOOL_CONVERSION = YES;
				CLANG_WARN_COMMA = YES;
				CLANG_WARN_CONSTANT_CONVERSION = YES;
				CLANG_WARN_DEPRECATED_OBJC_IMPLEMENTATIONS = YES;
				CLANG_WARN_DIRECT_OBJC_ISA_USAGE = YES_ERROR;
				CLANG_WARN_DOCUMENTATION_COMMENTS = YES;
				CLANG_WARN_EMPTY_BODY = YES;
				CLANG_WARN_ENUM_CONVERSION = YES;
				CLANG_WARN_INFINITE_RECURSION = YES;
				CLANG_WARN_INT_CONVERSION = YES;
				CLANG_WARN_NON_LITERAL_NULL_CONVERSION = YES;
				CLANG_WARN_OBJC_IMPLICIT_RETAIN_SELF = YES;
				CLANG_WARN_OBJC_LITERAL_CONVERSION = YES;
				CLANG_WARN_OBJC_ROOT_CLASS = YES_ERROR;
				CLANG_WARN_RANGE_LOOP_ANALYSIS = YES;
				CLANG_WARN_STRICT_PROTOTYPES = YES;
				CLANG_WARN_SUSPICIOUS_MOVE = YES;
				CLANG_WARN_UNGUARDED_AVAILABILITY = YES_AGGRESSIVE;
				CLANG_WARN_UNREACHABLE_CODE = YES;
				CLANG_WARN__DUPLICATE_METHOD_MATCH = YES;
				COPY_PHASE_STRIP = NO;
				DEBUG_INFORMATION_FORMAT = "dwarf-with-dsym";
				ENABLE_NS_ASSERTIONS = NO;
				ENABLE_STRICT_OBJC_MSGSEND = YES;
				GCC_C_LANGUAGE_STANDARD = gnu11;
				GCC_NO_COMMON_BLOCKS = YES;
				GCC_WARN_64_TO_32_BIT_CONVERSION = YES;
				GCC_WARN_ABOUT_RETURN_TYPE = YES_ERROR;
				GCC_WARN_UNDECLARED_SELECTOR = YES;
				GCC_WARN_UNINITIALIZED_AUTOS = YES_AGGRESSIVE;
				GCC_WARN_UNUSED_FUNCTION = YES;
				GCC_WARN_UNUSED_VARIABLE = YES;
				IPHONEOS_DEPLOYMENT_TARGET = 13.4;
				MTL_ENABLE_DEBUG_INFO = NO;
				MTL_FAST_MATH = YES;
				SDKROOT = iphoneos;
				VALIDATE_PRODUCT = YES;
			};
			name = Release;
		};
		44C8DFF72448C7BB0021AEDC /* Debug */ = {
			isa = XCBuildConfiguration;
			buildSettings = {
				ASSETCATALOG_COMPILER_APPICON_NAME = AppIcon;
				CODE_SIGN_STYLE = Automatic;
				INFOPLIST_FILE = Demo2/Info.plist;
				LD_RUNPATH_SEARCH_PATHS = (
					"$(inherited)",
					"@executable_path/Frameworks",
				);
				PRODUCT_BUNDLE_IDENTIFIER = com.ruslan.Demo2;
				PRODUCT_NAME = "$(TARGET_NAME)";
				TARGETED_DEVICE_FAMILY = "1,2";
			};
			name = Debug;
		};
		44C8DFF82448C7BB0021AEDC /* Release */ = {
			isa = XCBuildConfiguration;
			buildSettings = {
				ASSETCATALOG_COMPILER_APPICON_NAME = AppIcon;
				CODE_SIGN_STYLE = Automatic;
				INFOPLIST_FILE = Demo2/Info.plist;
				LD_RUNPATH_SEARCH_PATHS = (
					"$(inherited)",
					"@executable_path/Frameworks",
				);
				PRODUCT_BUNDLE_IDENTIFIER = com.ruslan.Demo2;
				PRODUCT_NAME = "$(TARGET_NAME)";
				TARGETED_DEVICE_FAMILY = "1,2";
			};
			name = Release;
		};
/* End XCBuildConfiguration section */

/* Begin XCConfigurationList section */
		44C8DFD82448C7B70021AEDC /* Build configuration list for PBXProject "Demo2" */ = {
			isa = XCConfigurationList;
			buildConfigurations = (
				44C8DFF42448C7BB0021AEDC /* Debug */,
				44C8DFF52448C7BB0021AEDC /* Release */,
			);
			defaultConfigurationIsVisible = 0;
			defaultConfigurationName = Release;
		};
		44C8DFF62448C7BB0021AEDC /* Build configuration list for PBXNativeTarget "Demo2" */ = {
			isa = XCConfigurationList;
			buildConfigurations = (
				44C8DFF72448C7BB0021AEDC /* Debug */,
				44C8DFF82448C7BB0021AEDC /* Release */,
			);
			defaultConfigurationIsVisible = 0;
			defaultConfigurationName = Release;
		};
/* End XCConfigurationList section */
	};
	rootObject = 44C8DFD52448C7B70021AEDC /* Project object */;
}
